
Microsoft Visual Studio Solution File, Format Version 12.00
# Visual Studio Version 16
VisualStudioVersion = 16.0.32106.194
MinimumVisualStudioVersion = 10.0.40219.1
Project("{FAE04EC0-301F-11D3-BF4B-00C04F79EFBC}") = "IMSAPI", "IMSAPI\IMSAPI.csproj", "{7BF2917D-69EA-4F17-9809-0D7575F51AA0}"
EndProject
Project("{00D1A9C2-B5F0-4AF3-8072-F6C62B433612}") = "DB", "DB\DB.sqlproj", "{D1A0B547-E1C8-4202-A9A8-795C477B337C}"
EndProject
Global
	GlobalSection(SolutionConfigurationPlatforms) = preSolution
		Debug|Any CPU = Debug|Any CPU
		Release|Any CPU = Release|Any CPU
	EndGlobalSection
	GlobalSection(ProjectConfigurationPlatforms) = postSolution
		{7BF2917D-69EA-4F17-9809-0D7575F51AA0}.Debug|Any CPU.ActiveCfg = Debug|Any CPU
		{7BF2917D-69EA-4F17-9809-0D7575F51AA0}.Debug|Any CPU.Build.0 = Debug|Any CPU
		{7BF2917D-69EA-4F17-9809-0D7575F51AA0}.Release|Any CPU.ActiveCfg = Release|Any CPU
		{7BF2917D-69EA-4F17-9809-0D7575F51AA0}.Release|Any CPU.Build.0 = Release|Any CPU
		{D1A0B547-E1C8-4202-A9A8-795C477B337C}.Debug|Any CPU.ActiveCfg = Debug|Any CPU
		{D1A0B547-E1C8-4202-A9A8-795C477B337C}.Debug|Any CPU.Build.0 = Debug|Any CPU
		{D1A0B547-E1C8-4202-A9A8-795C477B337C}.Debug|Any CPU.Deploy.0 = Debug|Any CPU
		{D1A0B547-E1C8-4202-A9A8-795C477B337C}.Release|Any CPU.ActiveCfg = Release|Any CPU
		{D1A0B547-E1C8-4202-A9A8-795C477B337C}.Release|Any CPU.Build.0 = Release|Any CPU
		{D1A0B547-E1C8-4202-A9A8-795C477B337C}.Release|Any CPU.Deploy.0 = Release|Any CPU
	EndGlobalSection
	GlobalSection(SolutionProperties) = preSolution
		HideSolutionNode = FALSE
	EndGlobalSection
	GlobalSection(ExtensibilityGlobals) = postSolution
		SolutionGuid = {34A3F4EF-D7E8-4058-B526-9F4AB51F0B4D}
	EndGlobalSection
EndGlobal
